{
  "name": "genart",
  "version": "1.0.0",
  "lockfileVersion": 1,
  "requires": true,
  "dependencies": {
    "buffer-to-arraybuffer": {
      "version": "0.0.5",
      "resolved": "https://artifactory.in.here.com/artifactory/api/npm/here-node/buffer-to-arraybuffer/-/buffer-to-arraybuffer-0.0.5.tgz",
      "integrity": "sha1-YGSkD6dutDxyOrqe+PbhIW0QURo="
    },
    "canvas-sketch": {
      "version": "0.2.0",
      "resolved": "https://artifactory.in.here.com/artifactory/api/npm/here-node/canvas-sketch/-/canvas-sketch-0.2.0.tgz",
      "integrity": "sha1-+oylWsMsuNpsiJu++MhfQEgz3QA=",
      "requires": {
        "convert-length": "^1.0.1",
        "dateformat": "^3.0.3",
        "deep-equal": "^1.0.1",
        "defined": "^1.0.0",
        "get-canvas-context": "^1.0.2",
        "is-class": "0.0.5",
        "is-dom": "^1.0.9",
        "is-promise": "^2.1.0",
        "object-assign": "^4.1.1",
        "pad-left": "^2.1.0",
        "right-now": "^1.0.0",
        "two.js": "^0.7.0-beta.1"
      }
    },
    "canvas-sketch-util": {
      "version": "1.6.0",
      "resolved": "https://artifactory.in.here.com/artifactory/api/npm/here-node/canvas-sketch-util/-/canvas-sketch-util-1.6.0.tgz",
      "integrity": "sha1-g5NvwX1YFHix4dsIZEL8CYfIndY=",
      "requires": {
        "convert-length": "^1.0.1",
        "defined": "^1.0.0",
        "lineclip": "^1.1.5",
        "parse-color": "^1.0.0",
        "primitive-quad": "^2.0.0",
        "regl": "^1.3.7",
        "seed-random": "^2.2.0",
        "simplex-noise": "^2.4.0"
      }
    },
    "color-convert": {
      "version": "0.5.3",
      "resolved": "https://artifactory.in.here.com/artifactory/api/npm/here-node/color-convert/-/color-convert-0.5.3.tgz",
      "integrity": "sha1-vbbGnOZg+t/+CwAHzER+G59ygr0="
    },
    "convert-length": {
      "version": "1.0.1",
      "resolved": "https://artifactory.in.here.com/artifactory/api/npm/here-node/convert-length/-/convert-length-1.0.1.tgz",
      "integrity": "sha1-tmx9wffRgZFmZ8l39Xvi8esXwbc=",
      "requires": {
        "defined": "^1.0.0"
      }
    },
    "dateformat": {
      "version": "3.0.3",
      "resolved": "https://artifactory.in.here.com/artifactory/api/npm/here-node/dateformat/-/dateformat-3.0.3.tgz",
      "integrity": "sha1-puN0maTZqc+F71hyBE1ikByYia4="
    },
    "decode-uri-component": {
      "version": "0.2.0",
      "resolved": "https://artifactory.in.here.com/artifactory/api/npm/here-node/decode-uri-component/-/decode-uri-component-0.2.0.tgz",
      "integrity": "sha1-6zkTMzRYd1y4TNGh+uBiEGu4dUU="
    },
    "decompress-response": {
      "version": "3.3.0",
      "resolved": "https://artifactory.in.here.com/artifactory/api/npm/here-node/decompress-response/-/decompress-response-3.3.0.tgz",
      "integrity": "sha1-gKTdMjdIOEv6JICDYirt7Jgq3/M=",
      "requires": {
        "mimic-response": "^1.0.0"
      }
    },
    "deep-equal": {
      "version": "1.0.1",
      "resolved": "https://artifactory.in.here.com/artifactory/api/npm/here-node/deep-equal/-/deep-equal-1.0.1.tgz",
      "integrity": "sha1-9dJgKStmDghO/0zbyfCK0yR0SLU="
    },
    "defined": {
      "version": "1.0.0",
      "resolved": "https://artifactory.in.here.com/artifactory/api/npm/here-node/defined/-/defined-1.0.0.tgz",
      "integrity": "sha1-yY2bzvdWdBiOEQlpFRGZ45sfppM="
    },
    "dom-walk": {
      "version": "0.1.1",
      "resolved": "https://artifactory.in.here.com/artifactory/api/npm/here-node/dom-walk/-/dom-walk-0.1.1.tgz",
      "integrity": "sha1-ZyIm3HTI95mtNTB9+TaroRrNYBg="
    },
    "for-each": {
      "version": "0.3.3",
      "resolved": "https://artifactory.in.here.com/artifactory/api/npm/here-node/for-each/-/for-each-0.3.3.tgz",
      "integrity": "sha1-abRH6IoKXTLD5whPPxcQA0shN24=",
      "requires": {
        "is-callable": "^1.1.3"
      }
    },
    "get-canvas-context": {
      "version": "1.0.2",
      "resolved": "https://artifactory.in.here.com/artifactory/api/npm/here-node/get-canvas-context/-/get-canvas-context-1.0.2.tgz",
      "integrity": "sha1-1ue1C8TkyGNXzTnyJkeoS3NgHpM="
    },
    "global": {
      "version": "4.3.2",
      "resolved": "https://artifactory.in.here.com/artifactory/api/npm/here-node/global/-/global-4.3.2.tgz",
      "integrity": "sha1-52mJJopsdMOJCLEwWxD8DjlOnQ8=",
      "requires": {
        "min-document": "^2.19.0",
        "process": "~0.5.1"
      }
    },
    "is-callable": {
      "version": "1.1.4",
      "resolved": "https://artifactory.in.here.com/artifactory/api/npm/here-node/is-callable/-/is-callable-1.1.4.tgz",
      "integrity": "sha1-HhrfIZ4e62hNaR+dagX/DTCiTXU="
    },
    "is-class": {
      "version": "0.0.5",
      "resolved": "https://artifactory.in.here.com/artifactory/api/npm/here-node/is-class/-/is-class-0.0.5.tgz",
      "integrity": "sha1-IgqEZdJPmhQggtBsfFbts5BSQW0="
    },
    "is-dom": {
      "version": "1.0.9",
      "resolved": "https://artifactory.in.here.com/artifactory/api/npm/here-node/is-dom/-/is-dom-1.0.9.tgz",
      "integrity": "sha1-SDgy1SlyBz3hK5/j9gMghw2oNw0="
    },
    "is-function": {
      "version": "1.0.1",
      "resolved": "https://artifactory.in.here.com/artifactory/api/npm/here-node/is-function/-/is-function-1.0.1.tgz",
      "integrity": "sha1-Es+5i2W1fdPRk6MSH19uL0N2ArU="
    },
    "is-promise": {
      "version": "2.1.0",
      "resolved": "https://artifactory.in.here.com/artifactory/api/npm/here-node/is-promise/-/is-promise-2.1.0.tgz",
      "integrity": "sha1-eaKp7OfwlugPNtKy87wWwf9L8/o="
    },
    "lineclip": {
      "version": "1.1.5",
      "resolved": "https://artifactory.in.here.com/artifactory/api/npm/here-node/lineclip/-/lineclip-1.1.5.tgz",
      "integrity": "sha1-K/JgZ9lDVP6r+R5CdoI221YW/RM="
    },
    "map-limit": {
      "version": "0.0.1",
      "resolved": "https://artifactory.in.here.com/artifactory/api/npm/here-node/map-limit/-/map-limit-0.0.1.tgz",
      "integrity": "sha1-63lhAxwPDo0AG/LVb6toXViCLzg=",
      "requires": {
        "once": "~1.3.0"
      }
    },
    "mimic-response": {
      "version": "1.0.1",
      "resolved": "https://artifactory.in.here.com/artifactory/api/npm/here-node/mimic-response/-/mimic-response-1.0.1.tgz",
      "integrity": "sha1-SSNTiHju9CBjy4o+OweYeBSHqxs="
    },
    "min-document": {
      "version": "2.19.0",
      "resolved": "https://artifactory.in.here.com/artifactory/api/npm/here-node/min-document/-/min-document-2.19.0.tgz",
      "integrity": "sha1-e9KC4/WELtKVu3SM3Z8f+iyCRoU=",
      "requires": {
        "dom-walk": "^0.1.0"
      }
    },
    "minimist": {
      "version": "1.2.0",
      "resolved": "https://artifactory.in.here.com/artifactory/api/npm/here-node/minimist/-/minimist-1.2.0.tgz",
      "integrity": "sha1-o1AIsg9BOD7sH7kU9M1d95omQoQ="
    },
    "new-array": {
      "version": "1.0.0",
      "resolved": "https://artifactory.in.here.com/artifactory/api/npm/here-node/new-array/-/new-array-1.0.0.tgz",
      "integrity": "sha1-XbxjnZYerH8an7wacUbsEvKST78="
    },
    "nice-color-palettes": {
      "version": "2.0.0",
      "resolved": "https://artifactory.in.here.com/artifactory/api/npm/here-node/nice-color-palettes/-/nice-color-palettes-2.0.0.tgz",
      "integrity": "sha1-KUxR0/rpVVRK0sLBnLEjZuYsvHo=",
      "requires": {
        "map-limit": "0.0.1",
        "minimist": "^1.2.0",
        "new-array": "^1.0.0",
        "xhr-request": "^1.0.1"
      }
    },
    "object-assign": {
      "version": "4.1.1",
      "resolved": "https://artifactory.in.here.com/artifactory/api/npm/here-node/object-assign/-/object-assign-4.1.1.tgz",
      "integrity": "sha1-IQmtx5ZYh8/AXLvUQsrIv7s2CGM="
    },
    "once": {
      "version": "1.3.3",
      "resolved": "https://artifactory.in.here.com/artifactory/api/npm/here-node/once/-/once-1.3.3.tgz",
      "integrity": "sha1-suJhVXzkwxTsgwTz+oJmPkKXyiA=",
      "requires": {
        "wrappy": "1"
      }
    },
    "pad-left": {
      "version": "2.1.0",
      "resolved": "https://artifactory.in.here.com/artifactory/api/npm/here-node/pad-left/-/pad-left-2.1.0.tgz",
      "integrity": "sha1-FuajstRKjhOMsIOMx8tAOk/J6ZQ=",
      "requires": {
        "repeat-string": "^1.5.4"
      }
    },
    "parse-color": {
      "version": "1.0.0",
      "resolved": "https://artifactory.in.here.com/artifactory/api/npm/here-node/parse-color/-/parse-color-1.0.0.tgz",
      "integrity": "sha1-e3SLlag/A/FqlPU15S1/PZRlhhk=",
      "requires": {
        "color-convert": "~0.5.0"
      }
    },
    "parse-headers": {
      "version": "2.0.1",
      "resolved": "https://artifactory.in.here.com/artifactory/api/npm/here-node/parse-headers/-/parse-headers-2.0.1.tgz",
      "integrity": "sha1-aug6eqJanZtwCswoaYzR8e1+lTY=",
      "requires": {
        "for-each": "^0.3.2",
        "trim": "0.0.1"
      }
    },
    "primitive-quad": {
      "version": "2.0.0",
      "resolved": "https://artifactory.in.here.com/artifactory/api/npm/here-node/primitive-quad/-/primitive-quad-2.0.0.tgz",
      "integrity": "sha1-wgmT5PlgAjiSa7UA5SkFMEPvius="
    },
    "process": {
      "version": "0.5.2",
      "resolved": "https://artifactory.in.here.com/artifactory/api/npm/here-node/process/-/process-0.5.2.tgz",
      "integrity": "sha1-FjjYqONML0QKkduVq5rrZ3/Bhc8="
    },
    "query-string": {
      "version": "5.1.1",
      "resolved": "https://artifactory.in.here.com/artifactory/api/npm/here-node/query-string/-/query-string-5.1.1.tgz",
      "integrity": "sha1-p4wBK3HBfgXy4/ojGd0zBoLvs8s=",
      "requires": {
        "decode-uri-component": "^0.2.0",
        "object-assign": "^4.1.0",
        "strict-uri-encode": "^1.0.0"
      }
    },
    "regl": {
      "version": "1.3.11",
      "resolved": "https://artifactory.in.here.com/artifactory/api/npm/here-node/regl/-/regl-1.3.11.tgz",
      "integrity": "sha1-UV5Rc//cBhj5CN1OM4o0rpVV90U="
    },
    "repeat-string": {
      "version": "1.6.1",
      "resolved": "https://artifactory.in.here.com/artifactory/api/npm/here-node/repeat-string/-/repeat-string-1.6.1.tgz",
      "integrity": "sha1-jcrkcOHIirwtYA//Sndihtp15jc="
    },
    "right-now": {
      "version": "1.0.0",
      "resolved": "https://artifactory.in.here.com/artifactory/api/npm/here-node/right-now/-/right-now-1.0.0.tgz",
      "integrity": "sha1-bolgne69fc2vja7Mmuo5z1haCRg="
    },
    "seed-random": {
      "version": "2.2.0",
      "resolved": "https://artifactory.in.here.com/artifactory/api/npm/here-node/seed-random/-/seed-random-2.2.0.tgz",
      "integrity": "sha1-KpsZ4lCoFwmSMaW5mk2vgLf77VQ="
    },
    "simple-concat": {
      "version": "1.0.0",
      "resolved": "https://artifactory.in.here.com/artifactory/api/npm/here-node/simple-concat/-/simple-concat-1.0.0.tgz",
      "integrity": "sha1-c0TLuLbib7J9ZrL8hvn21Zl1IcY="
    },
    "simple-get": {
      "version": "2.8.1",
      "resolved": "https://artifactory.in.here.com/artifactory/api/npm/here-node/simple-get/-/simple-get-2.8.1.tgz",
      "integrity": "sha1-DiLpHUV12HYgYgvJEwjVenf0S10=",
      "requires": {
        "decompress-response": "^3.3.0",
        "once": "^1.3.1",
        "simple-concat": "^1.0.0"
      }
    },
    "simplex-noise": {
      "version": "2.4.0",
      "resolved": "https://artifactory.in.here.com/artifactory/api/npm/here-node/simplex-noise/-/simplex-noise-2.4.0.tgz",
      "integrity": "sha1-gbNFj7ItzMO8jdmpd8c3l/hvUjo="
    },
    "strict-uri-encode": {
      "version": "1.1.0",
      "resolved": "https://artifactory.in.here.com/artifactory/api/npm/here-node/strict-uri-encode/-/strict-uri-encode-1.1.0.tgz",
      "integrity": "sha1-J5siXfHVgrH1TmWt3UNS4Y+qBxM="
    },
    "timed-out": {
      "version": "4.0.1",
      "resolved": "https://artifactory.in.here.com/artifactory/api/npm/here-node/timed-out/-/timed-out-4.0.1.tgz",
      "integrity": "sha1-8y6srFoXW+ol1/q1Zas+2HQe9W8="
    },
    "trim": {
      "version": "0.0.1",
      "resolved": "https://artifactory.in.here.com/artifactory/api/npm/here-node/trim/-/trim-0.0.1.tgz",
      "integrity": "sha1-WFhUf2spB1fulczMZm+1AITEYN0="
    },
    "two.js": {
      "version": "0.7.0-beta.3",
      "resolved": "https://artifactory.in.here.com/artifactory/api/npm/here-node/two.js/-/two.js-0.7.0-beta.3.tgz",
      "integrity": "sha1-Dt/wdo/W7RBhHQGu99DXvMDFOKs="
    },
    "url-set-query": {
      "version": "1.0.0",
      "resolved": "https://artifactory.in.here.com/artifactory/api/npm/here-node/url-set-query/-/url-set-query-1.0.0.tgz",
      "integrity": "sha1-AW6M/Xwg7gXK/neV6JK9BwL6ozk="
    },
    "wrappy": {
      "version": "1.0.2",
      "resolved": "https://artifactory.in.here.com/artifactory/api/npm/here-node/wrappy/-/wrappy-1.0.2.tgz",
      "integrity": "sha1-tSQ9jz7BqjXxNkYFvA0QNuMKtp8="
    },
    "xhr": {
      "version": "2.5.0",
      "resolved": "https://artifactory.in.here.com/artifactory/api/npm/here-node/xhr/-/xhr-2.5.0.tgz",
      "integrity": "sha1-vtjRZ21co2EIZnaSt0sxbEluSd0=",
      "requires": {
        "global": "~4.3.0",
        "is-function": "^1.0.1",
        "parse-headers": "^2.0.0",
        "xtend": "^4.0.0"
      }
    },
    "xhr-request": {
      "version": "1.1.0",
      "resolved": "https://artifactory.in.here.com/artifactory/api/npm/here-node/xhr-request/-/xhr-request-1.1.0.tgz",
      "integrity": "sha1-9KfBhoufGYcjRE2C3K4xdkPy4u0=",
      "requires": {
        "buffer-to-arraybuffer": "^0.0.5",
        "object-assign": "^4.1.1",
        "query-string": "^5.0.1",
        "simple-get": "^2.7.0",
        "timed-out": "^4.0.1",
        "url-set-query": "^1.0.0",
        "xhr": "^2.0.4"
      }
    },
    "xtend": {
      "version": "4.0.1",
      "resolved": "https://artifactory.in.here.com/artifactory/api/npm/here-node/xtend/-/xtend-4.0.1.tgz",
      "integrity": "sha1-pcbVMr5lbiPbgg77lDofBJmNY68="
    }
  }
}
